{
  "name": "shici",
  "lockfileVersion": 3,
  "requires": true,
  "packages": {
    "": {
      "dependencies": {
        "yuangs": "^1.0.1"
      }
    },
    "node_modules/yuangs": {
      "version": "1.0.1",
      "resolved": "https://registry.npmjs.org/yuangs/-/yuangs-1.0.1.tgz",
      "integrity": "sha512-+h6PnzrqePpGi1V42DWefsxX9721zyHhe8nSKLhRkvVH/lsGe0p8ZUnQSrh55uY++9u8HEJm09M8sUkingxVNg==",
      "license": "ISC"
    }
  }
}
