{
  "name": "shici",
  "lockfileVersion": 3,
  "requires": true,
  "packages": {
    "": {
      "dependencies": {
        "yuangs": "^1.0.0"
      }
    },
    "node_modules/yuangs": {
      "version": "1.0.0",
      "resolved": "https://registry.npmjs.org/yuangs/-/yuangs-1.0.0.tgz",
      "integrity": "sha512-otwNHbUQz0YE1aaqASjzyyMMT8pI3wACw/hFT76PRGuiIleLtM+lzb+C1B1ogWfioV4wc+b7PjvFoPF8txTCKQ==",
      "license": "ISC"
    }
  }
}
